{
	"name": "flamingo-carotene-pug-lint",
	"version": "6.2.17",
	"lockfileVersion": 1,
	"requires": true,
	"dependencies": {
		"@types/babel-types": {
			"version": "7.0.7",
			"resolved": "https://registry.npmjs.org/@types/babel-types/-/babel-types-7.0.7.tgz",
			"integrity": "sha512-dBtBbrc+qTHy1WdfHYjBwRln4+LWqASWakLHsWHR2NWHIFkv4W3O070IGoGLEBrJBvct3r0L1BUPuvURi7kYUQ=="
		},
		"@types/babylon": {
			"version": "6.16.5",
			"resolved": "https://registry.npmjs.org/@types/babylon/-/babylon-6.16.5.tgz",
			"integrity": "sha512-xH2e58elpj1X4ynnKp9qSnWlsRTIs6n3tgLGNfwAGHwePw0mulHQllV34n0T25uYSu1k0hRKkWXF890B1yS47w==",
			"requires": {
				"@types/babel-types": "*"
			}
		},
		"acorn": {
			"version": "4.0.13",
			"resolved": "https://registry.npmjs.org/acorn/-/acorn-4.0.13.tgz",
			"integrity": "sha1-EFSVrlNh1pe9GVyCUZLhrX8lN4c="
		},
		"babel-runtime": {
			"version": "6.26.0",
			"resolved": "https://registry.npmjs.org/babel-runtime/-/babel-runtime-6.26.0.tgz",
			"integrity": "sha1-llxwWGaOgrVde/4E/yM3vItWR/4=",
			"requires": {
				"core-js": "^2.4.0",
				"regenerator-runtime": "^0.11.0"
			}
		},
		"babel-types": {
			"version": "6.26.0",
			"resolved": "https://registry.npmjs.org/babel-types/-/babel-types-6.26.0.tgz",
			"integrity": "sha1-o7Bz+Uq0nrb6Vc1lInozQ4BjJJc=",
			"requires": {
				"babel-runtime": "^6.26.0",
				"esutils": "^2.0.2",
				"lodash": "^4.17.4",
				"to-fast-properties": "^1.0.3"
			}
		},
		"babylon": {
			"version": "6.18.0",
			"resolved": "https://registry.npmjs.org/babylon/-/babylon-6.18.0.tgz",
			"integrity": "sha512-q/UEjfGJ2Cm3oKV71DJz9d25TPnq5rhBVL2Q4fA5wcC3jcrdn7+SssEybFIxwAvvP+YCsCYNKughoF33GxgycQ=="
		},
		"balanced-match": {
			"version": "1.0.0",
			"resolved": "https://registry.npmjs.org/balanced-match/-/balanced-match-1.0.0.tgz",
			"integrity": "sha1-ibTRmasr7kneFk6gK4nORi1xt2c="
		},
		"brace-expansion": {
			"version": "1.1.11",
			"resolved": "https://registry.npmjs.org/brace-expansion/-/brace-expansion-1.1.11.tgz",
			"integrity": "sha512-iCuPHDFgrHX7H2vEI/5xpz07zSHB00TpugqhmYtVmMO6518mCuRMoOYFldEBl0g187ufozdaHgWKcYFb61qGiA==",
			"requires": {
				"balanced-match": "^1.0.0",
				"concat-map": "0.0.1"
			}
		},
		"character-parser": {
			"version": "2.2.0",
			"resolved": "https://registry.npmjs.org/character-parser/-/character-parser-2.2.0.tgz",
			"integrity": "sha1-x84o821LzZdE5f/CxfzeHHMmH8A=",
			"requires": {
				"is-regex": "^1.0.3"
			}
		},
		"commander": {
			"version": "2.20.3",
			"resolved": "https://registry.npmjs.org/commander/-/commander-2.20.3.tgz",
			"integrity": "sha512-GpVkmM8vF2vQUkj2LvZmD35JxeJOLCwJ9cUkugyk2nuhbv3+mJvpLYYt+0+USMxE+oj+ey/lJEnhZw75x/OMcQ=="
		},
		"concat-map": {
			"version": "0.0.1",
			"resolved": "https://registry.npmjs.org/concat-map/-/concat-map-0.0.1.tgz",
			"integrity": "sha1-2Klr13/Wjfd5OnMDajug1UBdR3s="
		},
		"constantinople": {
			"version": "3.1.2",
			"resolved": "https://registry.npmjs.org/constantinople/-/constantinople-3.1.2.tgz",
			"integrity": "sha512-yePcBqEFhLOqSBtwYOGGS1exHo/s1xjekXiinh4itpNQGCu4KA1euPh1fg07N2wMITZXQkBz75Ntdt1ctGZouw==",
			"requires": {
				"@types/babel-types": "^7.0.0",
				"@types/babylon": "^6.16.2",
				"babel-types": "^6.26.0",
				"babylon": "^6.18.0"
			}
		},
		"core-js": {
			"version": "2.6.10",
			"resolved": "https://registry.npmjs.org/core-js/-/core-js-2.6.10.tgz",
			"integrity": "sha512-I39t74+4t+zau64EN1fE5v2W31Adtc/REhzWN+gWRRXg6WH5qAsZm62DHpQ1+Yhe4047T55jvzz7MUqF/dBBlA=="
		},
		"css-selector-parser": {
			"version": "1.3.0",
			"resolved": "https://registry.npmjs.org/css-selector-parser/-/css-selector-parser-1.3.0.tgz",
			"integrity": "sha1-XxrUPi2O77/cME/NOaUhZklD4+s="
		},
		"esutils": {
			"version": "2.0.3",
			"resolved": "https://registry.npmjs.org/esutils/-/esutils-2.0.3.tgz",
			"integrity": "sha512-kVscqXk4OCp68SZ0dkgEKVi6/8ij300KBWTJq32P/dYeWTSwK41WyTxalN1eRmA5Z9UU/LX9D7FWSmV9SAYx6g=="
		},
		"find-line-column": {
			"version": "0.5.2",
			"resolved": "https://registry.npmjs.org/find-line-column/-/find-line-column-0.5.2.tgz",
			"integrity": "sha1-2wAjj/hoVRoYLnShA0FtKVqYyMo="
		},
		"fs.realpath": {
			"version": "1.0.0",
			"resolved": "https://registry.npmjs.org/fs.realpath/-/fs.realpath-1.0.0.tgz",
			"integrity": "sha1-FQStJSMVjKpA20onh8sBQRmU6k8="
		},
		"function-bind": {
			"version": "1.1.1",
			"resolved": "https://registry.npmjs.org/function-bind/-/function-bind-1.1.1.tgz",
			"integrity": "sha512-yIovAzMX49sF8Yl58fSCWJ5svSLuaibPxXQJFLmBObTuCr0Mf1KiPopGM9NiFjiYBCbfaa2Fh6breQ6ANVTI0A=="
		},
		"glob": {
			"version": "7.1.4",
			"resolved": "https://registry.npmjs.org/glob/-/glob-7.1.4.tgz",
			"integrity": "sha512-hkLPepehmnKk41pUGm3sYxoFs/umurYfYJCerbXEyFIWcAzvpipAgVkBqqT9RBKMGjnq6kMuyYwha6csxbiM1A==",
			"requires": {
				"fs.realpath": "^1.0.0",
				"inflight": "^1.0.4",
				"inherits": "2",
				"minimatch": "^3.0.4",
				"once": "^1.3.0",
				"path-is-absolute": "^1.0.0"
			}
		},
		"has": {
			"version": "1.0.3",
			"resolved": "https://registry.npmjs.org/has/-/has-1.0.3.tgz",
			"integrity": "sha512-f2dvO0VU6Oej7RkWJGrehjbzMAjFp5/VKPp5tTpWIV4JHHZK1/BxbFRtf/siA2SWTe09caDmVtYYzWEIbBS4zw==",
			"requires": {
				"function-bind": "^1.1.1"
			}
		},
		"inflight": {
			"version": "1.0.6",
			"resolved": "https://registry.npmjs.org/inflight/-/inflight-1.0.6.tgz",
			"integrity": "sha1-Sb1jMdfQLQwJvJEKEHW6gWW1bfk=",
			"requires": {
				"once": "^1.3.0",
				"wrappy": "1"
			}
		},
		"inherits": {
			"version": "2.0.4",
			"resolved": "https://registry.npmjs.org/inherits/-/inherits-2.0.4.tgz",
			"integrity": "sha512-k/vGaX4/Yla3WzyMCvTQOXYeIHvqOKtnqBduzTHpzpQZzAskKMhZ2K+EnBiSM9zGSoIFeMpXKxa4dYeZIQqewQ=="
		},
		"is-expression": {
			"version": "3.0.0",
			"resolved": "https://registry.npmjs.org/is-expression/-/is-expression-3.0.0.tgz",
			"integrity": "sha1-Oayqa+f9HzRx3ELHQW5hwkMXrJ8=",
			"requires": {
				"acorn": "~4.0.2",
				"object-assign": "^4.0.1"
			}
		},
		"is-regex": {
			"version": "1.0.4",
			"resolved": "https://registry.npmjs.org/is-regex/-/is-regex-1.0.4.tgz",
			"integrity": "sha1-VRdIm1RwkbCTDglWVM7SXul+lJE=",
			"requires": {
				"has": "^1.0.1"
			}
		},
		"js-stringify": {
			"version": "1.0.2",
			"resolved": "https://registry.npmjs.org/js-stringify/-/js-stringify-1.0.2.tgz",
			"integrity": "sha1-Fzb939lyTyijaCrcYjCufk6Weds="
		},
		"lodash": {
			"version": "4.17.15",
			"resolved": "https://registry.npmjs.org/lodash/-/lodash-4.17.15.tgz",
			"integrity": "sha512-8xOcRHvCjnocdS5cpwXQXVzmmh5e5+saE2QGoeQmbKmRS6J3VQppPOIt0MnmE+4xlZoumy0GPG0D0MVIQbNA1A=="
		},
		"minimatch": {
			"version": "3.0.4",
			"resolved": "https://registry.npmjs.org/minimatch/-/minimatch-3.0.4.tgz",
			"integrity": "sha512-yJHVQEhyqPLUTgt9B83PXu6W3rx4MvvHvSUvToogpwoGDOUQ+yDrR0HRot+yOCdCO7u4hX3pWft6kWBBcqh0UA==",
			"requires": {
				"brace-expansion": "^1.1.7"
			}
		},
		"object-assign": {
			"version": "4.1.1",
			"resolved": "https://registry.npmjs.org/object-assign/-/object-assign-4.1.1.tgz",
			"integrity": "sha1-IQmtx5ZYh8/AXLvUQsrIv7s2CGM="
		},
		"once": {
			"version": "1.4.0",
			"resolved": "https://registry.npmjs.org/once/-/once-1.4.0.tgz",
			"integrity": "sha1-WDsap3WWHUsROsF9nFC6753Xa9E=",
			"requires": {
				"wrappy": "1"
			}
		},
		"path-is-absolute": {
			"version": "1.0.1",
			"resolved": "https://registry.npmjs.org/path-is-absolute/-/path-is-absolute-1.0.1.tgz",
			"integrity": "sha1-F0uSaHNVNP+8es5r9TpanhtcX18="
		},
		"path-parse": {
			"version": "1.0.6",
			"resolved": "https://registry.npmjs.org/path-parse/-/path-parse-1.0.6.tgz",
			"integrity": "sha512-GSmOT2EbHrINBf9SR7CDELwlJ8AENk3Qn7OikK4nFYAu3Ote2+JYNVvkpAEQm3/TLNEJFD/xZJjzyxg3KBWOzw=="
		},
		"pug-attrs": {
			"version": "2.0.4",
			"resolved": "https://registry.npmjs.org/pug-attrs/-/pug-attrs-2.0.4.tgz",
			"integrity": "sha512-TaZ4Z2TWUPDJcV3wjU3RtUXMrd3kM4Wzjbe3EWnSsZPsJ3LDI0F3yCnf2/W7PPFF+edUFQ0HgDL1IoxSz5K8EQ==",
			"requires": {
				"constantinople": "^3.0.1",
				"js-stringify": "^1.0.1",
				"pug-runtime": "^2.0.5"
			}
		},
		"pug-error": {
			"version": "1.3.3",
			"resolved": "https://registry.npmjs.org/pug-error/-/pug-error-1.3.3.tgz",
			"integrity": "sha512-qE3YhESP2mRAWMFJgKdtT5D7ckThRScXRwkfo+Erqga7dyJdY3ZquspprMCj/9sJ2ijm5hXFWQE/A3l4poMWiQ=="
		},
		"pug-lexer": {
			"version": "4.1.0",
			"resolved": "https://registry.npmjs.org/pug-lexer/-/pug-lexer-4.1.0.tgz",
			"integrity": "sha512-i55yzEBtjm0mlplW4LoANq7k3S8gDdfC6+LThGEvsK4FuobcKfDAwt6V4jKPH9RtiE3a2Akfg5UpafZ1OksaPA==",
			"requires": {
				"character-parser": "^2.1.1",
				"is-expression": "^3.0.0",
				"pug-error": "^1.3.3"
			}
		},
		"pug-lint": {
			"version": "2.6.0",
			"resolved": "https://registry.npmjs.org/pug-lint/-/pug-lint-2.6.0.tgz",
			"integrity": "sha512-bCENAUT0grCSlUBIfX1USjpZPQWs5QccxVZoCIT4S+IevTn9NqJyzhrcyq/CFVSCOp9Z+pdwPQIkzdCvZ1pGlQ==",
			"requires": {
				"acorn": "^4.0.1",
				"commander": "^2.9.0",
				"css-selector-parser": "^1.1.0",
				"find-line-column": "^0.5.2",
				"glob": "^7.0.3",
				"minimatch": "^3.0.3",
				"path-is-absolute": "^1.0.0",
				"pug-attrs": "^2.0.3",
				"pug-error": "^1.3.2",
				"pug-lexer": "^4.0.0",
				"resolve": "^1.1.7",
				"strip-json-comments": "^2.0.1",
				"void-elements": "^2.0.1"
			}
		},
		"pug-runtime": {
			"version": "2.0.5",
			"resolved": "https://registry.npmjs.org/pug-runtime/-/pug-runtime-2.0.5.tgz",
			"integrity": "sha512-P+rXKn9un4fQY77wtpcuFyvFaBww7/91f3jHa154qU26qFAnOe6SW1CbIDcxiG5lLK9HazYrMCCuDvNgDQNptw=="
		},
		"regenerator-runtime": {
			"version": "0.11.1",
			"resolved": "https://registry.npmjs.org/regenerator-runtime/-/regenerator-runtime-0.11.1.tgz",
			"integrity": "sha512-MguG95oij0fC3QV3URf4V2SDYGJhJnJGqvIIgdECeODCT98wSWDAJ94SSuVpYQUoTcGUIL6L4yNB7j1DFFHSBg=="
		},
		"resolve": {
			"version": "1.12.0",
			"resolved": "https://registry.npmjs.org/resolve/-/resolve-1.12.0.tgz",
			"integrity": "sha512-B/dOmuoAik5bKcD6s6nXDCjzUKnaDvdkRyAk6rsmsKLipWj4797iothd7jmmUhWTfinVMU+wc56rYKsit2Qy4w==",
			"requires": {
				"path-parse": "^1.0.6"
			}
		},
		"strip-json-comments": {
			"version": "2.0.1",
			"resolved": "https://registry.npmjs.org/strip-json-comments/-/strip-json-comments-2.0.1.tgz",
			"integrity": "sha1-PFMZQukIwml8DsNEhYwobHygpgo="
		},
		"to-fast-properties": {
			"version": "1.0.3",
			"resolved": "https://registry.npmjs.org/to-fast-properties/-/to-fast-properties-1.0.3.tgz",
			"integrity": "sha1-uDVx+k2MJbguIxsG46MFXeTKGkc="
		},
		"void-elements": {
			"version": "2.0.1",
			"resolved": "https://registry.npmjs.org/void-elements/-/void-elements-2.0.1.tgz",
			"integrity": "sha1-wGavtYK7HLQSjWDqkjkulNXp2+w="
		},
		"wrappy": {
			"version": "1.0.2",
			"resolved": "https://registry.npmjs.org/wrappy/-/wrappy-1.0.2.tgz",
			"integrity": "sha1-tSQ9jz7BqjXxNkYFvA0QNuMKtp8="
		}
	}
}
