{
  "name": "flamingo-carotene-flow",
  "version": "8.0.0",
  "lockfileVersion": 2,
  "requires": true,
  "packages": {
    "": {
      "name": "flamingo-carotene-flow",
      "version": "8.0.0",
      "license": "OSL-3.0",
      "dependencies": {
        "flow-bin": "^0.197.0"
      }
    },
    "node_modules/flow-bin": {
      "version": "0.197.0",
      "resolved": "https://registry.npmjs.org/flow-bin/-/flow-bin-0.197.0.tgz",
      "integrity": "sha512-6g0c4Hj+JeS9nRayORAC3qUUzecX1RAjYap086yXivjfN2hlaqMYEi4ZDNPhtUOM8IqB4IE8HXPHt17uLsi0zw==",
      "bin": {
        "flow": "cli.js"
      },
      "engines": {
        "node": ">=0.10.0"
      }
    }
  },
  "dependencies": {
    "flow-bin": {
      "version": "0.197.0",
      "resolved": "https://registry.npmjs.org/flow-bin/-/flow-bin-0.197.0.tgz",
      "integrity": "sha512-6g0c4Hj+JeS9nRayORAC3qUUzecX1RAjYap086yXivjfN2hlaqMYEi4ZDNPhtUOM8IqB4IE8HXPHt17uLsi0zw=="
    }
  }
}
