{
  "name": "flamingo-carotene-flow",
  "version": "6.5.17",
  "lockfileVersion": 1,
  "requires": true,
  "dependencies": {
    "flow-bin": {
      "version": "0.113.0",
      "resolved": "https://registry.npmjs.org/flow-bin/-/flow-bin-0.113.0.tgz",
      "integrity": "sha512-76uE2LGNe50wm+Jup8Np4FBcMbyy5V2iE+K25PPIYLaEMGHrL1jnQfP9L0hTzA5oh2ZJlexRLMlaPqIYIKH9nw=="
    }
  }
}
