{
  "name": "flamingo-carotene-flow",
  "version": "7.0.4",
  "lockfileVersion": 2,
  "requires": true,
  "packages": {
    "": {
      "name": "flamingo-carotene-flow",
      "version": "7.0.4",
      "license": "OSL-3.0",
      "dependencies": {
        "flow-bin": "^0.196.3"
      }
    },
    "node_modules/flow-bin": {
      "version": "0.196.3",
      "resolved": "https://registry.npmjs.org/flow-bin/-/flow-bin-0.196.3.tgz",
      "integrity": "sha512-pmvjlksi1CvkSnDHpcfhDFj/KC3hwSgE2OpzvugW57dfgqfHzqX1UfZIcScGWM5AmP/IeOsQCW383k3zIbEnrA==",
      "license": "MIT",
      "bin": {
        "flow": "cli.js"
      },
      "engines": {
        "node": ">=0.10.0"
      }
    }
  },
  "dependencies": {
    "flow-bin": {
      "version": "0.196.3",
      "resolved": "https://registry.npmjs.org/flow-bin/-/flow-bin-0.196.3.tgz",
      "integrity": "sha512-pmvjlksi1CvkSnDHpcfhDFj/KC3hwSgE2OpzvugW57dfgqfHzqX1UfZIcScGWM5AmP/IeOsQCW383k3zIbEnrA=="
    }
  }
}
